
Microsoft Visual Studio Solution File, Format Version 12.00
# Visual Studio Version 18
VisualStudioVersion = 18.3.11218.70
MinimumVisualStudioVersion = 10.0.40219.1
Project("{FAE04EC0-301F-11D3-BF4B-00C04F79EFBC}") = "BarkFluff.Client.WPF", "Windows\BarkFluff.Client.WPF\BarkFluff.Client.WPF.csproj", "{867B0465-D663-4751-87D1-1DA2ED41B125}"
EndProject
Project("{2150E333-8FDC-42A3-9474-1A3956D46DE8}") = "Backend", "Backend", "{7E5A1AA1-A416-4D7E-B885-FC81F6CEBF07}"
EndProject
Project("{FAE04EC0-301F-11D3-BF4B-00C04F79EFBC}") = "BarkFluff.Identity", "Backend\BarkFluff.Identity\BarkFluff.Identity.csproj", "{63E44669-571D-4663-9850-33A1B63338F1}"
EndProject
Project("{FAE04EC0-301F-11D3-BF4B-00C04F79EFBC}") = "BarkFluff.Files", "Backend\BarkFluff.Files\BarkFluff.Files.csproj", "{6733B771-5545-4D93-B4BD-594D010ACBFE}"
EndProject
Project("{FAE04EC0-301F-11D3-BF4B-00C04F79EFBC}") = "BarkFluff.Users", "Backend\BarkFluff.Users\BarkFluff.Users.csproj", "{F7D54E83-77C4-43A0-9EB0-FA439BEA77EE}"
EndProject
Project("{FAE04EC0-301F-11D3-BF4B-00C04F79EFBC}") = "BarkFluff.Beacon", "Backend\BarkFluff.Beacon\BarkFluff.Beacon.csproj", "{0DB8D186-089B-4C75-9074-38781F03A5BA}"
EndProject
Project("{FAE04EC0-301F-11D3-BF4B-00C04F79EFBC}") = "BarkFluff.Messages", "Backend\BarkFluff.Messages\BarkFluff.Messages.csproj", "{746451FD-F067-4C3E-9406-F04665757E0F}"
EndProject
Project("{FAE04EC0-301F-11D3-BF4B-00C04F79EFBC}") = "BarkFluff.Notification", "Backend\BarkFluff.Notification\BarkFluff.Notification.csproj", "{C2EE4A00-9D60-4B0B-81AB-4E04898C87A1}"
EndProject
Project("{2150E333-8FDC-42A3-9474-1A3956D46DE8}") = "Shared", "Shared", "{3282AE17-EFD0-495E-9958-FB40F68DA873}"
EndProject
Project("{FAE04EC0-301F-11D3-BF4B-00C04F79EFBC}") = "BarkFluff.Proto", "Shared\BarkFluff.Proto\BarkFluff.Proto.csproj", "{F3535EC0-846E-4337-9135-598EBA9AB246}"
EndProject
Project("{FAE04EC0-301F-11D3-BF4B-00C04F79EFBC}") = "BarkFluff.GrpcServer", "Backend\BarkFluff.GrpcServer\BarkFluff.GrpcServer.csproj", "{84587740-95DD-4640-872E-FDCF1F26CCA0}"
EndProject
Project("{FAE04EC0-301F-11D3-BF4B-00C04F79EFBC}") = "BarkFluff.Shared.Identity", "Shared\BarkFluff.Shared.Identity\BarkFluff.Shared.Identity.csproj", "{E54B6364-8B84-4604-8262-68C674EA4CEE}"
EndProject
Project("{FAE04EC0-301F-11D3-BF4B-00C04F79EFBC}") = "BarkFluff.Shared.Exceptions", "Shared\BarkFluff.Shared.Exceptions\BarkFluff.Shared.Exceptions.csproj", "{6776F83E-E661-43A8-85A1-077750F5AC3B}"
EndProject
Project("{FAE04EC0-301F-11D3-BF4B-00C04F79EFBC}") = "BarkFluff.Shared.Auth", "Shared\BarkFluff.Shared.Auth\BarkFluff.Shared.Auth.csproj", "{DEE15A10-7293-42F9-A17E-0E29301C7233}"
EndProject
Project("{FAE04EC0-301F-11D3-BF4B-00C04F79EFBC}") = "BarkFluff.Shared.Queue", "Shared\BarkFluff.Shared.Queue\BarkFluff.Shared.Queue.csproj", "{C5F262E3-2EA8-4483-A3F7-6F20540A1B33}"
EndProject
Project("{FAE04EC0-301F-11D3-BF4B-00C04F79EFBC}") = "BarkFluff.Configuration", "Backend\BarkFluff.Configuration\BarkFluff.Configuration.csproj", "{0C185FA4-1C9B-4CE5-BED4-09928E4A05F5}"
EndProject
Project("{FAE04EC0-301F-11D3-BF4B-00C04F79EFBC}") = "BarkFluff.Shared.SecurityUtilities", "Shared\BarkFluff.Shared.SecurityUtilities\BarkFluff.Shared.SecurityUtilities.csproj", "{BD13B521-8B78-4A10-A498-2236C81ED12C}"
EndProject
Project("{FAE04EC0-301F-11D3-BF4B-00C04F79EFBC}") = "BarkFluff.WebApi.Core", "Windows\BarkFluff.WebApi.Core\BarkFluff.WebApi.Core.csproj", "{78AD9B01-7852-4B2F-B141-3BB37C2A0448}"
EndProject
Project("{2150E333-8FDC-42A3-9474-1A3956D46DE8}") = "Solution Items", "Solution Items", "{089100B1-113F-4E66-888A-E83F3999EAFD}"
	ProjectSection(SolutionItems) = preProject
		.editorconfig = .editorconfig
		MarkText.txt = MarkText.txt
		modules.md = modules.md
	EndProjectSection
EndProject
Project("{FAE04EC0-301F-11D3-BF4B-00C04F79EFBC}") = "BarkFluff.FastAuth", "Backend\BarkFluff.FastAuth\BarkFluff.FastAuth.csproj", "{B688B2A8-0EFF-4890-B45E-4798B5BDA5C2}"
EndProject
Project("{FAE04EC0-301F-11D3-BF4B-00C04F79EFBC}") = "BarkFluff.Navigator", "Backend\BarkFluff.Navigator\BarkFluff.Navigator.csproj", "{3BC0D2B3-FF38-4F44-8276-F41BA8FE332D}"
EndProject
Project("{FAE04EC0-301F-11D3-BF4B-00C04F79EFBC}") = "BarkFluff.Updates", "Backend\BarkFluff.Updates\BarkFluff.Updates.csproj", "{DD28DFCD-5588-4E7B-BF53-DDCACEE3C213}"
EndProject
Project("{FAE04EC0-301F-11D3-BF4B-00C04F79EFBC}") = "BarkFluff.DBEditor", "Windows\BarkFluff.DBEditor\BarkFluff.DBEditor.csproj", "{71ECCD49-6FEE-467C-ACF5-90BCA69D975A}"
EndProject
Project("{FAE04EC0-301F-11D3-BF4B-00C04F79EFBC}") = "Barkfluff.Updater.CLI", "Windows\Barkfluff.Updater.CLI\Barkfluff.Updater.CLI.csproj", "{8104EA7A-F96A-4954-9007-CB777B422861}"
EndProject
Project("{FAE04EC0-301F-11D3-BF4B-00C04F79EFBC}") = "Barkfluff.WebServer", "Backend\Barkfluff.WebServer\Barkfluff.WebServer.csproj", "{278924E1-5CD0-4370-8E81-2DE81499DCC9}"
EndProject
Project("{FAE04EC0-301F-11D3-BF4B-00C04F79EFBC}") = "BarkFluff.Onliner", "Backend\BarkFluff.Onliner\BarkFluff.Onliner.csproj", "{BBBE3323-70E5-41D0-820B-F2E5E94B1B9E}"
EndProject
Project("{FAE04EC0-301F-11D3-BF4B-00C04F79EFBC}") = "Barkfluff.AdminPanel", "Backend\Barkfluff.AdminPanel\Barkfluff.AdminPanel.csproj", "{97712092-D590-55C6-1FBD-6D1A88049067}"
EndProject
Project("{FAE04EC0-301F-11D3-BF4B-00C04F79EFBC}") = "Barkfluff.CloudMessaging", "Backend\Barkfluff.CloudMessaging\Barkfluff.CloudMessaging.csproj", "{9867C147-5584-4470-87BA-24F3FC64B212}"
EndProject
Project("{2150E333-8FDC-42A3-9474-1A3956D46DE8}") = "Windows", "Windows", "{2025C280-3C60-4211-9768-B271D4317C90}"
EndProject
Project("{FAE04EC0-301F-11D3-BF4B-00C04F79EFBC}") = "BarkFluff.ClientStorage", "Backend\BarkFluff.ClientStorage\BarkFluff.ClientStorage.csproj", "{6254967A-42E4-45D6-9470-141A275F546C}"
EndProject
Project("{FAE04EC0-301F-11D3-BF4B-00C04F79EFBC}") = "BarkFluff.Web", "Backend\BarkFluff.Web\BarkFluff.Web.csproj", "{19535FBE-D7A2-455A-B88C-E33DEDF079A8}"
EndProject
Project("{FAE04EC0-301F-11D3-BF4B-00C04F79EFBC}") = "Barkfluff.Developers", "Backend\Barkfluff.Developers\Barkfluff.Developers.csproj", "{DE57D8B1-0D46-477E-B530-7456D717A782}"
EndProject
Project("{2150E333-8FDC-42A3-9474-1A3956D46DE8}") = "Tests", "Tests", "{0AB3BF05-4346-4AA6-1389-037BE0695223}"
EndProject
Project("{FAE04EC0-301F-11D3-BF4B-00C04F79EFBC}") = "BarkFluff.Identity.Tests", "Tests\BarkFluff.Identity.Tests\BarkFluff.Identity.Tests.csproj", "{70FB5088-A4D0-44AC-9CDD-6348A6F910C1}"
EndProject
Project("{FAE04EC0-301F-11D3-BF4B-00C04F79EFBC}") = "BarkFluff.Users.Tests", "Tests\BarkFluff.Users.Tests\BarkFluff.Users.Tests.csproj", "{74F1AAED-9BCF-4A27-8994-C4B68CC4A57E}"
EndProject
Project("{FAE04EC0-301F-11D3-BF4B-00C04F79EFBC}") = "BarkFluff.Messages.Tests", "Tests\BarkFluff.Messages.Tests\BarkFluff.Messages.Tests.csproj", "{31FB5E04-FB01-4A61-B1A4-CE1506C30ED5}"
EndProject
Project("{FAE04EC0-301F-11D3-BF4B-00C04F79EFBC}") = "BarkFluff.Onliner.Tests", "Tests\BarkFluff.Onliner.Tests\BarkFluff.Onliner.Tests.csproj", "{F0A3A387-DE04-4EC8-9CE9-E562885B4FE8}"
EndProject
Project("{FAE04EC0-301F-11D3-BF4B-00C04F79EFBC}") = "BarkFluff.Notification.Tests", "Tests\BarkFluff.Notification.Tests\BarkFluff.Notification.Tests.csproj", "{C15709A5-A33B-43F2-878C-85AD4CCB6998}"
EndProject
Project("{FAE04EC0-301F-11D3-BF4B-00C04F79EFBC}") = "BarkFluff.CloudMessaging.Tests", "Tests\BarkFluff.CloudMessaging.Tests\BarkFluff.CloudMessaging.Tests.csproj", "{46847D2C-E9B6-4B87-B312-5BC9B117617D}"
EndProject
Global
	GlobalSection(SolutionConfigurationPlatforms) = preSolution
		Debug|Any CPU = Debug|Any CPU
		Debug|x64 = Debug|x64
		Debug|x86 = Debug|x86
		Release|Any CPU = Release|Any CPU
		Release|x64 = Release|x64
		Release|x86 = Release|x86
	EndGlobalSection
	GlobalSection(ProjectConfigurationPlatforms) = postSolution
		{867B0465-D663-4751-87D1-1DA2ED41B125}.Debug|Any CPU.ActiveCfg = Debug|Any CPU
		{867B0465-D663-4751-87D1-1DA2ED41B125}.Debug|Any CPU.Build.0 = Debug|Any CPU
		{867B0465-D663-4751-87D1-1DA2ED41B125}.Debug|x64.ActiveCfg = Debug|x64
		{867B0465-D663-4751-87D1-1DA2ED41B125}.Debug|x64.Build.0 = Debug|x64
		{867B0465-D663-4751-87D1-1DA2ED41B125}.Debug|x86.ActiveCfg = Debug|Any CPU
		{867B0465-D663-4751-87D1-1DA2ED41B125}.Debug|x86.Build.0 = Debug|Any CPU
		{867B0465-D663-4751-87D1-1DA2ED41B125}.Release|Any CPU.ActiveCfg = Release|Any CPU
		{867B0465-D663-4751-87D1-1DA2ED41B125}.Release|Any CPU.Build.0 = Release|Any CPU
		{867B0465-D663-4751-87D1-1DA2ED41B125}.Release|x64.ActiveCfg = Release|x64
		{867B0465-D663-4751-87D1-1DA2ED41B125}.Release|x64.Build.0 = Release|x64
		{867B0465-D663-4751-87D1-1DA2ED41B125}.Release|x86.ActiveCfg = Release|Any CPU
		{867B0465-D663-4751-87D1-1DA2ED41B125}.Release|x86.Build.0 = Release|Any CPU
		{63E44669-571D-4663-9850-33A1B63338F1}.Debug|Any CPU.ActiveCfg = Debug|Any CPU
		{63E44669-571D-4663-9850-33A1B63338F1}.Debug|Any CPU.Build.0 = Debug|Any CPU
		{63E44669-571D-4663-9850-33A1B63338F1}.Debug|x64.ActiveCfg = Debug|Any CPU
		{63E44669-571D-4663-9850-33A1B63338F1}.Debug|x64.Build.0 = Debug|Any CPU
		{63E44669-571D-4663-9850-33A1B63338F1}.Debug|x86.ActiveCfg = Debug|Any CPU
		{63E44669-571D-4663-9850-33A1B63338F1}.Debug|x86.Build.0 = Debug|Any CPU
		{63E44669-571D-4663-9850-33A1B63338F1}.Release|Any CPU.ActiveCfg = Release|Any CPU
		{63E44669-571D-4663-9850-33A1B63338F1}.Release|Any CPU.Build.0 = Release|Any CPU
		{63E44669-571D-4663-9850-33A1B63338F1}.Release|x64.ActiveCfg = Release|Any CPU
		{63E44669-571D-4663-9850-33A1B63338F1}.Release|x64.Build.0 = Release|Any CPU
		{63E44669-571D-4663-9850-33A1B63338F1}.Release|x86.ActiveCfg = Release|Any CPU
		{63E44669-571D-4663-9850-33A1B63338F1}.Release|x86.Build.0 = Release|Any CPU
		{6733B771-5545-4D93-B4BD-594D010ACBFE}.Debug|Any CPU.ActiveCfg = Debug|Any CPU
		{6733B771-5545-4D93-B4BD-594D010ACBFE}.Debug|Any CPU.Build.0 = Debug|Any CPU
		{6733B771-5545-4D93-B4BD-594D010ACBFE}.Debug|x64.ActiveCfg = Debug|Any CPU
		{6733B771-5545-4D93-B4BD-594D010ACBFE}.Debug|x64.Build.0 = Debug|Any CPU
		{6733B771-5545-4D93-B4BD-594D010ACBFE}.Debug|x86.ActiveCfg = Debug|Any CPU
		{6733B771-5545-4D93-B4BD-594D010ACBFE}.Debug|x86.Build.0 = Debug|Any CPU
		{6733B771-5545-4D93-B4BD-594D010ACBFE}.Release|Any CPU.ActiveCfg = Release|Any CPU
		{6733B771-5545-4D93-B4BD-594D010ACBFE}.Release|Any CPU.Build.0 = Release|Any CPU
		{6733B771-5545-4D93-B4BD-594D010ACBFE}.Release|x64.ActiveCfg = Release|Any CPU
		{6733B771-5545-4D93-B4BD-594D010ACBFE}.Release|x64.Build.0 = Release|Any CPU
		{6733B771-5545-4D93-B4BD-594D010ACBFE}.Release|x86.ActiveCfg = Release|Any CPU
		{6733B771-5545-4D93-B4BD-594D010ACBFE}.Release|x86.Build.0 = Release|Any CPU
		{F7D54E83-77C4-43A0-9EB0-FA439BEA77EE}.Debug|Any CPU.ActiveCfg = Debug|Any CPU
		{F7D54E83-77C4-43A0-9EB0-FA439BEA77EE}.Debug|Any CPU.Build.0 = Debug|Any CPU
		{F7D54E83-77C4-43A0-9EB0-FA439BEA77EE}.Debug|x64.ActiveCfg = Debug|Any CPU
		{F7D54E83-77C4-43A0-9EB0-FA439BEA77EE}.Debug|x64.Build.0 = Debug|Any CPU
		{F7D54E83-77C4-43A0-9EB0-FA439BEA77EE}.Debug|x86.ActiveCfg = Debug|Any CPU
		{F7D54E83-77C4-43A0-9EB0-FA439BEA77EE}.Debug|x86.Build.0 = Debug|Any CPU
		{F7D54E83-77C4-43A0-9EB0-FA439BEA77EE}.Release|Any CPU.ActiveCfg = Release|Any CPU
		{F7D54E83-77C4-43A0-9EB0-FA439BEA77EE}.Release|Any CPU.Build.0 = Release|Any CPU
		{F7D54E83-77C4-43A0-9EB0-FA439BEA77EE}.Release|x64.ActiveCfg = Release|Any CPU
		{F7D54E83-77C4-43A0-9EB0-FA439BEA77EE}.Release|x64.Build.0 = Release|Any CPU
		{F7D54E83-77C4-43A0-9EB0-FA439BEA77EE}.Release|x86.ActiveCfg = Release|Any CPU
		{F7D54E83-77C4-43A0-9EB0-FA439BEA77EE}.Release|x86.Build.0 = Release|Any CPU
		{0DB8D186-089B-4C75-9074-38781F03A5BA}.Debug|Any CPU.ActiveCfg = Debug|Any CPU
		{0DB8D186-089B-4C75-9074-38781F03A5BA}.Debug|Any CPU.Build.0 = Debug|Any CPU
		{0DB8D186-089B-4C75-9074-38781F03A5BA}.Debug|x64.ActiveCfg = Debug|Any CPU
		{0DB8D186-089B-4C75-9074-38781F03A5BA}.Debug|x64.Build.0 = Debug|Any CPU
		{0DB8D186-089B-4C75-9074-38781F03A5BA}.Debug|x86.ActiveCfg = Debug|Any CPU
		{0DB8D186-089B-4C75-9074-38781F03A5BA}.Debug|x86.Build.0 = Debug|Any CPU
		{0DB8D186-089B-4C75-9074-38781F03A5BA}.Release|Any CPU.ActiveCfg = Release|Any CPU
		{0DB8D186-089B-4C75-9074-38781F03A5BA}.Release|Any CPU.Build.0 = Release|Any CPU
		{0DB8D186-089B-4C75-9074-38781F03A5BA}.Release|x64.ActiveCfg = Release|Any CPU
		{0DB8D186-089B-4C75-9074-38781F03A5BA}.Release|x64.Build.0 = Release|Any CPU
		{0DB8D186-089B-4C75-9074-38781F03A5BA}.Release|x86.ActiveCfg = Release|Any CPU
		{0DB8D186-089B-4C75-9074-38781F03A5BA}.Release|x86.Build.0 = Release|Any CPU
		{746451FD-F067-4C3E-9406-F04665757E0F}.Debug|Any CPU.ActiveCfg = Debug|Any CPU
		{746451FD-F067-4C3E-9406-F04665757E0F}.Debug|Any CPU.Build.0 = Debug|Any CPU
		{746451FD-F067-4C3E-9406-F04665757E0F}.Debug|x64.ActiveCfg = Debug|Any CPU
		{746451FD-F067-4C3E-9406-F04665757E0F}.Debug|x64.Build.0 = Debug|Any CPU
		{746451FD-F067-4C3E-9406-F04665757E0F}.Debug|x86.ActiveCfg = Debug|Any CPU
		{746451FD-F067-4C3E-9406-F04665757E0F}.Debug|x86.Build.0 = Debug|Any CPU
		{746451FD-F067-4C3E-9406-F04665757E0F}.Release|Any CPU.ActiveCfg = Release|Any CPU
		{746451FD-F067-4C3E-9406-F04665757E0F}.Release|Any CPU.Build.0 = Release|Any CPU
		{746451FD-F067-4C3E-9406-F04665757E0F}.Release|x64.ActiveCfg = Release|Any CPU
		{746451FD-F067-4C3E-9406-F04665757E0F}.Release|x64.Build.0 = Release|Any CPU
		{746451FD-F067-4C3E-9406-F04665757E0F}.Release|x86.ActiveCfg = Release|Any CPU
		{746451FD-F067-4C3E-9406-F04665757E0F}.Release|x86.Build.0 = Release|Any CPU
		{C2EE4A00-9D60-4B0B-81AB-4E04898C87A1}.Debug|Any CPU.ActiveCfg = Debug|Any CPU
		{C2EE4A00-9D60-4B0B-81AB-4E04898C87A1}.Debug|Any CPU.Build.0 = Debug|Any CPU
		{C2EE4A00-9D60-4B0B-81AB-4E04898C87A1}.Debug|x64.ActiveCfg = Debug|Any CPU
		{C2EE4A00-9D60-4B0B-81AB-4E04898C87A1}.Debug|x64.Build.0 = Debug|Any CPU
		{C2EE4A00-9D60-4B0B-81AB-4E04898C87A1}.Debug|x86.ActiveCfg = Debug|Any CPU
		{C2EE4A00-9D60-4B0B-81AB-4E04898C87A1}.Debug|x86.Build.0 = Debug|Any CPU
		{C2EE4A00-9D60-4B0B-81AB-4E04898C87A1}.Release|Any CPU.ActiveCfg = Release|Any CPU
		{C2EE4A00-9D60-4B0B-81AB-4E04898C87A1}.Release|Any CPU.Build.0 = Release|Any CPU
		{C2EE4A00-9D60-4B0B-81AB-4E04898C87A1}.Release|x64.ActiveCfg = Release|Any CPU
		{C2EE4A00-9D60-4B0B-81AB-4E04898C87A1}.Release|x64.Build.0 = Release|Any CPU
		{C2EE4A00-9D60-4B0B-81AB-4E04898C87A1}.Release|x86.ActiveCfg = Release|Any CPU
		{C2EE4A00-9D60-4B0B-81AB-4E04898C87A1}.Release|x86.Build.0 = Release|Any CPU
		{F3535EC0-846E-4337-9135-598EBA9AB246}.Debug|Any CPU.ActiveCfg = Debug|Any CPU
		{F3535EC0-846E-4337-9135-598EBA9AB246}.Debug|Any CPU.Build.0 = Debug|Any CPU
		{F3535EC0-846E-4337-9135-598EBA9AB246}.Debug|x64.ActiveCfg = Debug|Any CPU
		{F3535EC0-846E-4337-9135-598EBA9AB246}.Debug|x64.Build.0 = Debug|Any CPU
		{F3535EC0-846E-4337-9135-598EBA9AB246}.Debug|x86.ActiveCfg = Debug|Any CPU
		{F3535EC0-846E-4337-9135-598EBA9AB246}.Debug|x86.Build.0 = Debug|Any CPU
		{F3535EC0-846E-4337-9135-598EBA9AB246}.Release|Any CPU.ActiveCfg = Release|Any CPU
		{F3535EC0-846E-4337-9135-598EBA9AB246}.Release|Any CPU.Build.0 = Release|Any CPU
		{F3535EC0-846E-4337-9135-598EBA9AB246}.Release|x64.ActiveCfg = Release|Any CPU
		{F3535EC0-846E-4337-9135-598EBA9AB246}.Release|x64.Build.0 = Release|Any CPU
		{F3535EC0-846E-4337-9135-598EBA9AB246}.Release|x86.ActiveCfg = Release|Any CPU
		{F3535EC0-846E-4337-9135-598EBA9AB246}.Release|x86.Build.0 = Release|Any CPU
		{84587740-95DD-4640-872E-FDCF1F26CCA0}.Debug|Any CPU.ActiveCfg = Debug|Any CPU
		{84587740-95DD-4640-872E-FDCF1F26CCA0}.Debug|Any CPU.Build.0 = Debug|Any CPU
		{84587740-95DD-4640-872E-FDCF1F26CCA0}.Debug|x64.ActiveCfg = Debug|Any CPU
		{84587740-95DD-4640-872E-FDCF1F26CCA0}.Debug|x64.Build.0 = Debug|Any CPU
		{84587740-95DD-4640-872E-FDCF1F26CCA0}.Debug|x86.ActiveCfg = Debug|Any CPU
		{84587740-95DD-4640-872E-FDCF1F26CCA0}.Debug|x86.Build.0 = Debug|Any CPU
		{84587740-95DD-4640-872E-FDCF1F26CCA0}.Release|Any CPU.ActiveCfg = Release|Any CPU
		{84587740-95DD-4640-872E-FDCF1F26CCA0}.Release|Any CPU.Build.0 = Release|Any CPU
		{84587740-95DD-4640-872E-FDCF1F26CCA0}.Release|x64.ActiveCfg = Release|Any CPU
		{84587740-95DD-4640-872E-FDCF1F26CCA0}.Release|x64.Build.0 = Release|Any CPU
		{84587740-95DD-4640-872E-FDCF1F26CCA0}.Release|x86.ActiveCfg = Release|Any CPU
		{84587740-95DD-4640-872E-FDCF1F26CCA0}.Release|x86.Build.0 = Release|Any CPU
		{E54B6364-8B84-4604-8262-68C674EA4CEE}.Debug|Any CPU.ActiveCfg = Debug|Any CPU
		{E54B6364-8B84-4604-8262-68C674EA4CEE}.Debug|Any CPU.Build.0 = Debug|Any CPU
		{E54B6364-8B84-4604-8262-68C674EA4CEE}.Debug|x64.ActiveCfg = Debug|Any CPU
		{E54B6364-8B84-4604-8262-68C674EA4CEE}.Debug|x64.Build.0 = Debug|Any CPU
		{E54B6364-8B84-4604-8262-68C674EA4CEE}.Debug|x86.ActiveCfg = Debug|Any CPU
		{E54B6364-8B84-4604-8262-68C674EA4CEE}.Debug|x86.Build.0 = Debug|Any CPU
		{E54B6364-8B84-4604-8262-68C674EA4CEE}.Release|Any CPU.ActiveCfg = Release|Any CPU
		{E54B6364-8B84-4604-8262-68C674EA4CEE}.Release|Any CPU.Build.0 = Release|Any CPU
		{E54B6364-8B84-4604-8262-68C674EA4CEE}.Release|x64.ActiveCfg = Release|Any CPU
		{E54B6364-8B84-4604-8262-68C674EA4CEE}.Release|x64.Build.0 = Release|Any CPU
		{E54B6364-8B84-4604-8262-68C674EA4CEE}.Release|x86.ActiveCfg = Release|Any CPU
		{E54B6364-8B84-4604-8262-68C674EA4CEE}.Release|x86.Build.0 = Release|Any CPU
		{6776F83E-E661-43A8-85A1-077750F5AC3B}.Debug|Any CPU.ActiveCfg = Debug|Any CPU
		{6776F83E-E661-43A8-85A1-077750F5AC3B}.Debug|Any CPU.Build.0 = Debug|Any CPU
		{6776F83E-E661-43A8-85A1-077750F5AC3B}.Debug|x64.ActiveCfg = Debug|Any CPU
		{6776F83E-E661-43A8-85A1-077750F5AC3B}.Debug|x64.Build.0 = Debug|Any CPU
		{6776F83E-E661-43A8-85A1-077750F5AC3B}.Debug|x86.ActiveCfg = Debug|Any CPU
		{6776F83E-E661-43A8-85A1-077750F5AC3B}.Debug|x86.Build.0 = Debug|Any CPU
		{6776F83E-E661-43A8-85A1-077750F5AC3B}.Release|Any CPU.ActiveCfg = Release|Any CPU
		{6776F83E-E661-43A8-85A1-077750F5AC3B}.Release|Any CPU.Build.0 = Release|Any CPU
		{6776F83E-E661-43A8-85A1-077750F5AC3B}.Release|x64.ActiveCfg = Release|Any CPU
		{6776F83E-E661-43A8-85A1-077750F5AC3B}.Release|x64.Build.0 = Release|Any CPU
		{6776F83E-E661-43A8-85A1-077750F5AC3B}.Release|x86.ActiveCfg = Release|Any CPU
		{6776F83E-E661-43A8-85A1-077750F5AC3B}.Release|x86.Build.0 = Release|Any CPU
		{DEE15A10-7293-42F9-A17E-0E29301C7233}.Debug|Any CPU.ActiveCfg = Debug|Any CPU
		{DEE15A10-7293-42F9-A17E-0E29301C7233}.Debug|Any CPU.Build.0 = Debug|Any CPU
		{DEE15A10-7293-42F9-A17E-0E29301C7233}.Debug|x64.ActiveCfg = Debug|Any CPU
		{DEE15A10-7293-42F9-A17E-0E29301C7233}.Debug|x64.Build.0 = Debug|Any CPU
		{DEE15A10-7293-42F9-A17E-0E29301C7233}.Debug|x86.ActiveCfg = Debug|Any CPU
		{DEE15A10-7293-42F9-A17E-0E29301C7233}.Debug|x86.Build.0 = Debug|Any CPU
		{DEE15A10-7293-42F9-A17E-0E29301C7233}.Release|Any CPU.ActiveCfg = Release|Any CPU
		{DEE15A10-7293-42F9-A17E-0E29301C7233}.Release|Any CPU.Build.0 = Release|Any CPU
		{DEE15A10-7293-42F9-A17E-0E29301C7233}.Release|x64.ActiveCfg = Release|Any CPU
		{DEE15A10-7293-42F9-A17E-0E29301C7233}.Release|x64.Build.0 = Release|Any CPU
		{DEE15A10-7293-42F9-A17E-0E29301C7233}.Release|x86.ActiveCfg = Release|Any CPU
		{DEE15A10-7293-42F9-A17E-0E29301C7233}.Release|x86.Build.0 = Release|Any CPU
		{C5F262E3-2EA8-4483-A3F7-6F20540A1B33}.Debug|Any CPU.ActiveCfg = Debug|Any CPU
		{C5F262E3-2EA8-4483-A3F7-6F20540A1B33}.Debug|Any CPU.Build.0 = Debug|Any CPU
		{C5F262E3-2EA8-4483-A3F7-6F20540A1B33}.Debug|x64.ActiveCfg = Debug|Any CPU
		{C5F262E3-2EA8-4483-A3F7-6F20540A1B33}.Debug|x64.Build.0 = Debug|Any CPU
		{C5F262E3-2EA8-4483-A3F7-6F20540A1B33}.Debug|x86.ActiveCfg = Debug|Any CPU
		{C5F262E3-2EA8-4483-A3F7-6F20540A1B33}.Debug|x86.Build.0 = Debug|Any CPU
		{C5F262E3-2EA8-4483-A3F7-6F20540A1B33}.Release|Any CPU.ActiveCfg = Release|Any CPU
		{C5F262E3-2EA8-4483-A3F7-6F20540A1B33}.Release|Any CPU.Build.0 = Release|Any CPU
		{C5F262E3-2EA8-4483-A3F7-6F20540A1B33}.Release|x64.ActiveCfg = Release|Any CPU
		{C5F262E3-2EA8-4483-A3F7-6F20540A1B33}.Release|x64.Build.0 = Release|Any CPU
		{C5F262E3-2EA8-4483-A3F7-6F20540A1B33}.Release|x86.ActiveCfg = Release|Any CPU
		{C5F262E3-2EA8-4483-A3F7-6F20540A1B33}.Release|x86.Build.0 = Release|Any CPU
		{0C185FA4-1C9B-4CE5-BED4-09928E4A05F5}.Debug|Any CPU.ActiveCfg = Debug|Any CPU
		{0C185FA4-1C9B-4CE5-BED4-09928E4A05F5}.Debug|Any CPU.Build.0 = Debug|Any CPU
		{0C185FA4-1C9B-4CE5-BED4-09928E4A05F5}.Debug|x64.ActiveCfg = Debug|Any CPU
		{0C185FA4-1C9B-4CE5-BED4-09928E4A05F5}.Debug|x64.Build.0 = Debug|Any CPU
		{0C185FA4-1C9B-4CE5-BED4-09928E4A05F5}.Debug|x86.ActiveCfg = Debug|Any CPU
		{0C185FA4-1C9B-4CE5-BED4-09928E4A05F5}.Debug|x86.Build.0 = Debug|Any CPU
		{0C185FA4-1C9B-4CE5-BED4-09928E4A05F5}.Release|Any CPU.ActiveCfg = Release|Any CPU
		{0C185FA4-1C9B-4CE5-BED4-09928E4A05F5}.Release|Any CPU.Build.0 = Release|Any CPU
		{0C185FA4-1C9B-4CE5-BED4-09928E4A05F5}.Release|x64.ActiveCfg = Release|Any CPU
		{0C185FA4-1C9B-4CE5-BED4-09928E4A05F5}.Release|x64.Build.0 = Release|Any CPU
		{0C185FA4-1C9B-4CE5-BED4-09928E4A05F5}.Release|x86.ActiveCfg = Release|Any CPU
		{0C185FA4-1C9B-4CE5-BED4-09928E4A05F5}.Release|x86.Build.0 = Release|Any CPU
		{BD13B521-8B78-4A10-A498-2236C81ED12C}.Debug|Any CPU.ActiveCfg = Debug|Any CPU
		{BD13B521-8B78-4A10-A498-2236C81ED12C}.Debug|Any CPU.Build.0 = Debug|Any CPU
		{BD13B521-8B78-4A10-A498-2236C81ED12C}.Debug|x64.ActiveCfg = Debug|Any CPU
		{BD13B521-8B78-4A10-A498-2236C81ED12C}.Debug|x64.Build.0 = Debug|Any CPU
		{BD13B521-8B78-4A10-A498-2236C81ED12C}.Debug|x86.ActiveCfg = Debug|Any CPU
		{BD13B521-8B78-4A10-A498-2236C81ED12C}.Debug|x86.Build.0 = Debug|Any CPU
		{BD13B521-8B78-4A10-A498-2236C81ED12C}.Release|Any CPU.ActiveCfg = Release|Any CPU
		{BD13B521-8B78-4A10-A498-2236C81ED12C}.Release|Any CPU.Build.0 = Release|Any CPU
		{BD13B521-8B78-4A10-A498-2236C81ED12C}.Release|x64.ActiveCfg = Release|Any CPU
		{BD13B521-8B78-4A10-A498-2236C81ED12C}.Release|x64.Build.0 = Release|Any CPU
		{BD13B521-8B78-4A10-A498-2236C81ED12C}.Release|x86.ActiveCfg = Release|Any CPU
		{BD13B521-8B78-4A10-A498-2236C81ED12C}.Release|x86.Build.0 = Release|Any CPU
		{78AD9B01-7852-4B2F-B141-3BB37C2A0448}.Debug|Any CPU.ActiveCfg = Debug|Any CPU
		{78AD9B01-7852-4B2F-B141-3BB37C2A0448}.Debug|Any CPU.Build.0 = Debug|Any CPU
		{78AD9B01-7852-4B2F-B141-3BB37C2A0448}.Debug|x64.ActiveCfg = Debug|Any CPU
		{78AD9B01-7852-4B2F-B141-3BB37C2A0448}.Debug|x64.Build.0 = Debug|Any CPU
		{78AD9B01-7852-4B2F-B141-3BB37C2A0448}.Debug|x86.ActiveCfg = Debug|Any CPU
		{78AD9B01-7852-4B2F-B141-3BB37C2A0448}.Debug|x86.Build.0 = Debug|Any CPU
		{78AD9B01-7852-4B2F-B141-3BB37C2A0448}.Release|Any CPU.ActiveCfg = Release|Any CPU
		{78AD9B01-7852-4B2F-B141-3BB37C2A0448}.Release|Any CPU.Build.0 = Release|Any CPU
		{78AD9B01-7852-4B2F-B141-3BB37C2A0448}.Release|x64.ActiveCfg = Release|Any CPU
		{78AD9B01-7852-4B2F-B141-3BB37C2A0448}.Release|x64.Build.0 = Release|Any CPU
		{78AD9B01-7852-4B2F-B141-3BB37C2A0448}.Release|x86.ActiveCfg = Release|Any CPU
		{78AD9B01-7852-4B2F-B141-3BB37C2A0448}.Release|x86.Build.0 = Release|Any CPU
		{B688B2A8-0EFF-4890-B45E-4798B5BDA5C2}.Debug|Any CPU.ActiveCfg = Debug|Any CPU
		{B688B2A8-0EFF-4890-B45E-4798B5BDA5C2}.Debug|Any CPU.Build.0 = Debug|Any CPU
		{B688B2A8-0EFF-4890-B45E-4798B5BDA5C2}.Debug|x64.ActiveCfg = Debug|Any CPU
		{B688B2A8-0EFF-4890-B45E-4798B5BDA5C2}.Debug|x64.Build.0 = Debug|Any CPU
		{B688B2A8-0EFF-4890-B45E-4798B5BDA5C2}.Debug|x86.ActiveCfg = Debug|Any CPU
		{B688B2A8-0EFF-4890-B45E-4798B5BDA5C2}.Debug|x86.Build.0 = Debug|Any CPU
		{B688B2A8-0EFF-4890-B45E-4798B5BDA5C2}.Release|Any CPU.ActiveCfg = Release|Any CPU
		{B688B2A8-0EFF-4890-B45E-4798B5BDA5C2}.Release|Any CPU.Build.0 = Release|Any CPU
		{B688B2A8-0EFF-4890-B45E-4798B5BDA5C2}.Release|x64.ActiveCfg = Release|Any CPU
		{B688B2A8-0EFF-4890-B45E-4798B5BDA5C2}.Release|x64.Build.0 = Release|Any CPU
		{B688B2A8-0EFF-4890-B45E-4798B5BDA5C2}.Release|x86.ActiveCfg = Release|Any CPU
		{B688B2A8-0EFF-4890-B45E-4798B5BDA5C2}.Release|x86.Build.0 = Release|Any CPU
		{3BC0D2B3-FF38-4F44-8276-F41BA8FE332D}.Debug|Any CPU.ActiveCfg = Debug|Any CPU
		{3BC0D2B3-FF38-4F44-8276-F41BA8FE332D}.Debug|Any CPU.Build.0 = Debug|Any CPU
		{3BC0D2B3-FF38-4F44-8276-F41BA8FE332D}.Debug|x64.ActiveCfg = Debug|Any CPU
		{3BC0D2B3-FF38-4F44-8276-F41BA8FE332D}.Debug|x64.Build.0 = Debug|Any CPU
		{3BC0D2B3-FF38-4F44-8276-F41BA8FE332D}.Debug|x86.ActiveCfg = Debug|Any CPU
		{3BC0D2B3-FF38-4F44-8276-F41BA8FE332D}.Debug|x86.Build.0 = Debug|Any CPU
		{3BC0D2B3-FF38-4F44-8276-F41BA8FE332D}.Release|Any CPU.ActiveCfg = Release|Any CPU
		{3BC0D2B3-FF38-4F44-8276-F41BA8FE332D}.Release|Any CPU.Build.0 = Release|Any CPU
		{3BC0D2B3-FF38-4F44-8276-F41BA8FE332D}.Release|x64.ActiveCfg = Release|Any CPU
		{3BC0D2B3-FF38-4F44-8276-F41BA8FE332D}.Release|x64.Build.0 = Release|Any CPU
		{3BC0D2B3-FF38-4F44-8276-F41BA8FE332D}.Release|x86.ActiveCfg = Release|Any CPU
		{3BC0D2B3-FF38-4F44-8276-F41BA8FE332D}.Release|x86.Build.0 = Release|Any CPU
		{DD28DFCD-5588-4E7B-BF53-DDCACEE3C213}.Debug|Any CPU.ActiveCfg = Debug|Any CPU
		{DD28DFCD-5588-4E7B-BF53-DDCACEE3C213}.Debug|Any CPU.Build.0 = Debug|Any CPU
		{DD28DFCD-5588-4E7B-BF53-DDCACEE3C213}.Debug|x64.ActiveCfg = Debug|Any CPU
		{DD28DFCD-5588-4E7B-BF53-DDCACEE3C213}.Debug|x64.Build.0 = Debug|Any CPU
		{DD28DFCD-5588-4E7B-BF53-DDCACEE3C213}.Debug|x86.ActiveCfg = Debug|Any CPU
		{DD28DFCD-5588-4E7B-BF53-DDCACEE3C213}.Debug|x86.Build.0 = Debug|Any CPU
		{DD28DFCD-5588-4E7B-BF53-DDCACEE3C213}.Release|Any CPU.ActiveCfg = Release|Any CPU
		{DD28DFCD-5588-4E7B-BF53-DDCACEE3C213}.Release|Any CPU.Build.0 = Release|Any CPU
		{DD28DFCD-5588-4E7B-BF53-DDCACEE3C213}.Release|x64.ActiveCfg = Release|Any CPU
		{DD28DFCD-5588-4E7B-BF53-DDCACEE3C213}.Release|x64.Build.0 = Release|Any CPU
		{DD28DFCD-5588-4E7B-BF53-DDCACEE3C213}.Release|x86.ActiveCfg = Release|Any CPU
		{DD28DFCD-5588-4E7B-BF53-DDCACEE3C213}.Release|x86.Build.0 = Release|Any CPU
		{71ECCD49-6FEE-467C-ACF5-90BCA69D975A}.Debug|Any CPU.ActiveCfg = Debug|Any CPU
		{71ECCD49-6FEE-467C-ACF5-90BCA69D975A}.Debug|Any CPU.Build.0 = Debug|Any CPU
		{71ECCD49-6FEE-467C-ACF5-90BCA69D975A}.Debug|x64.ActiveCfg = Debug|Any CPU
		{71ECCD49-6FEE-467C-ACF5-90BCA69D975A}.Debug|x64.Build.0 = Debug|Any CPU
		{71ECCD49-6FEE-467C-ACF5-90BCA69D975A}.Debug|x86.ActiveCfg = Debug|Any CPU
		{71ECCD49-6FEE-467C-ACF5-90BCA69D975A}.Debug|x86.Build.0 = Debug|Any CPU
		{71ECCD49-6FEE-467C-ACF5-90BCA69D975A}.Release|Any CPU.ActiveCfg = Release|Any CPU
		{71ECCD49-6FEE-467C-ACF5-90BCA69D975A}.Release|Any CPU.Build.0 = Release|Any CPU
		{71ECCD49-6FEE-467C-ACF5-90BCA69D975A}.Release|x64.ActiveCfg = Release|Any CPU
		{71ECCD49-6FEE-467C-ACF5-90BCA69D975A}.Release|x64.Build.0 = Release|Any CPU
		{71ECCD49-6FEE-467C-ACF5-90BCA69D975A}.Release|x86.ActiveCfg = Release|Any CPU
		{71ECCD49-6FEE-467C-ACF5-90BCA69D975A}.Release|x86.Build.0 = Release|Any CPU
		{8104EA7A-F96A-4954-9007-CB777B422861}.Debug|Any CPU.ActiveCfg = Debug|Any CPU
		{8104EA7A-F96A-4954-9007-CB777B422861}.Debug|Any CPU.Build.0 = Debug|Any CPU
		{8104EA7A-F96A-4954-9007-CB777B422861}.Debug|x64.ActiveCfg = Debug|Any CPU
		{8104EA7A-F96A-4954-9007-CB777B422861}.Debug|x64.Build.0 = Debug|Any CPU
		{8104EA7A-F96A-4954-9007-CB777B422861}.Debug|x86.ActiveCfg = Debug|Any CPU
		{8104EA7A-F96A-4954-9007-CB777B422861}.Debug|x86.Build.0 = Debug|Any CPU
		{8104EA7A-F96A-4954-9007-CB777B422861}.Release|Any CPU.ActiveCfg = Release|Any CPU
		{8104EA7A-F96A-4954-9007-CB777B422861}.Release|Any CPU.Build.0 = Release|Any CPU
		{8104EA7A-F96A-4954-9007-CB777B422861}.Release|x64.ActiveCfg = Release|Any CPU
		{8104EA7A-F96A-4954-9007-CB777B422861}.Release|x64.Build.0 = Release|Any CPU
		{8104EA7A-F96A-4954-9007-CB777B422861}.Release|x86.ActiveCfg = Release|Any CPU
		{8104EA7A-F96A-4954-9007-CB777B422861}.Release|x86.Build.0 = Release|Any CPU
		{278924E1-5CD0-4370-8E81-2DE81499DCC9}.Debug|Any CPU.ActiveCfg = Debug|Any CPU
		{278924E1-5CD0-4370-8E81-2DE81499DCC9}.Debug|Any CPU.Build.0 = Debug|Any CPU
		{278924E1-5CD0-4370-8E81-2DE81499DCC9}.Debug|x64.ActiveCfg = Debug|Any CPU
		{278924E1-5CD0-4370-8E81-2DE81499DCC9}.Debug|x64.Build.0 = Debug|Any CPU
		{278924E1-5CD0-4370-8E81-2DE81499DCC9}.Debug|x86.ActiveCfg = Debug|Any CPU
		{278924E1-5CD0-4370-8E81-2DE81499DCC9}.Debug|x86.Build.0 = Debug|Any CPU
		{278924E1-5CD0-4370-8E81-2DE81499DCC9}.Release|Any CPU.ActiveCfg = Release|Any CPU
		{278924E1-5CD0-4370-8E81-2DE81499DCC9}.Release|Any CPU.Build.0 = Release|Any CPU
		{278924E1-5CD0-4370-8E81-2DE81499DCC9}.Release|x64.ActiveCfg = Release|Any CPU
		{278924E1-5CD0-4370-8E81-2DE81499DCC9}.Release|x64.Build.0 = Release|Any CPU
		{278924E1-5CD0-4370-8E81-2DE81499DCC9}.Release|x86.ActiveCfg = Release|Any CPU
		{278924E1-5CD0-4370-8E81-2DE81499DCC9}.Release|x86.Build.0 = Release|Any CPU
		{BBBE3323-70E5-41D0-820B-F2E5E94B1B9E}.Debug|Any CPU.ActiveCfg = Debug|Any CPU
		{BBBE3323-70E5-41D0-820B-F2E5E94B1B9E}.Debug|Any CPU.Build.0 = Debug|Any CPU
		{BBBE3323-70E5-41D0-820B-F2E5E94B1B9E}.Debug|x64.ActiveCfg = Debug|Any CPU
		{BBBE3323-70E5-41D0-820B-F2E5E94B1B9E}.Debug|x64.Build.0 = Debug|Any CPU
		{BBBE3323-70E5-41D0-820B-F2E5E94B1B9E}.Debug|x86.ActiveCfg = Debug|Any CPU
		{BBBE3323-70E5-41D0-820B-F2E5E94B1B9E}.Debug|x86.Build.0 = Debug|Any CPU
		{BBBE3323-70E5-41D0-820B-F2E5E94B1B9E}.Release|Any CPU.ActiveCfg = Release|Any CPU
		{BBBE3323-70E5-41D0-820B-F2E5E94B1B9E}.Release|Any CPU.Build.0 = Release|Any CPU
		{BBBE3323-70E5-41D0-820B-F2E5E94B1B9E}.Release|x64.ActiveCfg = Release|Any CPU
		{BBBE3323-70E5-41D0-820B-F2E5E94B1B9E}.Release|x64.Build.0 = Release|Any CPU
		{BBBE3323-70E5-41D0-820B-F2E5E94B1B9E}.Release|x86.ActiveCfg = Release|Any CPU
		{BBBE3323-70E5-41D0-820B-F2E5E94B1B9E}.Release|x86.Build.0 = Release|Any CPU
		{97712092-D590-55C6-1FBD-6D1A88049067}.Debug|Any CPU.ActiveCfg = Debug|Any CPU
		{97712092-D590-55C6-1FBD-6D1A88049067}.Debug|Any CPU.Build.0 = Debug|Any CPU
		{97712092-D590-55C6-1FBD-6D1A88049067}.Debug|x64.ActiveCfg = Debug|Any CPU
		{97712092-D590-55C6-1FBD-6D1A88049067}.Debug|x64.Build.0 = Debug|Any CPU
		{97712092-D590-55C6-1FBD-6D1A88049067}.Debug|x86.ActiveCfg = Debug|Any CPU
		{97712092-D590-55C6-1FBD-6D1A88049067}.Debug|x86.Build.0 = Debug|Any CPU
		{97712092-D590-55C6-1FBD-6D1A88049067}.Release|Any CPU.ActiveCfg = Release|Any CPU
		{97712092-D590-55C6-1FBD-6D1A88049067}.Release|Any CPU.Build.0 = Release|Any CPU
		{97712092-D590-55C6-1FBD-6D1A88049067}.Release|x64.ActiveCfg = Release|Any CPU
		{97712092-D590-55C6-1FBD-6D1A88049067}.Release|x64.Build.0 = Release|Any CPU
		{97712092-D590-55C6-1FBD-6D1A88049067}.Release|x86.ActiveCfg = Release|Any CPU
		{97712092-D590-55C6-1FBD-6D1A88049067}.Release|x86.Build.0 = Release|Any CPU
		{9867C147-5584-4470-87BA-24F3FC64B212}.Debug|Any CPU.ActiveCfg = Debug|Any CPU
		{9867C147-5584-4470-87BA-24F3FC64B212}.Debug|Any CPU.Build.0 = Debug|Any CPU
		{9867C147-5584-4470-87BA-24F3FC64B212}.Debug|x64.ActiveCfg = Debug|Any CPU
		{9867C147-5584-4470-87BA-24F3FC64B212}.Debug|x64.Build.0 = Debug|Any CPU
		{9867C147-5584-4470-87BA-24F3FC64B212}.Debug|x86.ActiveCfg = Debug|Any CPU
		{9867C147-5584-4470-87BA-24F3FC64B212}.Debug|x86.Build.0 = Debug|Any CPU
		{9867C147-5584-4470-87BA-24F3FC64B212}.Release|Any CPU.ActiveCfg = Release|Any CPU
		{9867C147-5584-4470-87BA-24F3FC64B212}.Release|Any CPU.Build.0 = Release|Any CPU
		{9867C147-5584-4470-87BA-24F3FC64B212}.Release|x64.ActiveCfg = Release|Any CPU
		{9867C147-5584-4470-87BA-24F3FC64B212}.Release|x64.Build.0 = Release|Any CPU
		{9867C147-5584-4470-87BA-24F3FC64B212}.Release|x86.ActiveCfg = Release|Any CPU
		{9867C147-5584-4470-87BA-24F3FC64B212}.Release|x86.Build.0 = Release|Any CPU
		{6254967A-42E4-45D6-9470-141A275F546C}.Debug|Any CPU.ActiveCfg = Debug|Any CPU
		{6254967A-42E4-45D6-9470-141A275F546C}.Debug|Any CPU.Build.0 = Debug|Any CPU
		{6254967A-42E4-45D6-9470-141A275F546C}.Debug|x64.ActiveCfg = Debug|Any CPU
		{6254967A-42E4-45D6-9470-141A275F546C}.Debug|x64.Build.0 = Debug|Any CPU
		{6254967A-42E4-45D6-9470-141A275F546C}.Debug|x86.ActiveCfg = Debug|Any CPU
		{6254967A-42E4-45D6-9470-141A275F546C}.Debug|x86.Build.0 = Debug|Any CPU
		{6254967A-42E4-45D6-9470-141A275F546C}.Release|Any CPU.ActiveCfg = Release|Any CPU
		{6254967A-42E4-45D6-9470-141A275F546C}.Release|Any CPU.Build.0 = Release|Any CPU
		{6254967A-42E4-45D6-9470-141A275F546C}.Release|x64.ActiveCfg = Release|Any CPU
		{6254967A-42E4-45D6-9470-141A275F546C}.Release|x64.Build.0 = Release|Any CPU
		{6254967A-42E4-45D6-9470-141A275F546C}.Release|x86.ActiveCfg = Release|Any CPU
		{6254967A-42E4-45D6-9470-141A275F546C}.Release|x86.Build.0 = Release|Any CPU
		{19535FBE-D7A2-455A-B88C-E33DEDF079A8}.Debug|Any CPU.ActiveCfg = Debug|Any CPU
		{19535FBE-D7A2-455A-B88C-E33DEDF079A8}.Debug|Any CPU.Build.0 = Debug|Any CPU
		{19535FBE-D7A2-455A-B88C-E33DEDF079A8}.Debug|x64.ActiveCfg = Debug|Any CPU
		{19535FBE-D7A2-455A-B88C-E33DEDF079A8}.Debug|x64.Build.0 = Debug|Any CPU
		{19535FBE-D7A2-455A-B88C-E33DEDF079A8}.Debug|x86.ActiveCfg = Debug|Any CPU
		{19535FBE-D7A2-455A-B88C-E33DEDF079A8}.Debug|x86.Build.0 = Debug|Any CPU
		{19535FBE-D7A2-455A-B88C-E33DEDF079A8}.Release|Any CPU.ActiveCfg = Release|Any CPU
		{19535FBE-D7A2-455A-B88C-E33DEDF079A8}.Release|Any CPU.Build.0 = Release|Any CPU
		{19535FBE-D7A2-455A-B88C-E33DEDF079A8}.Release|x64.ActiveCfg = Release|Any CPU
		{19535FBE-D7A2-455A-B88C-E33DEDF079A8}.Release|x64.Build.0 = Release|Any CPU
		{19535FBE-D7A2-455A-B88C-E33DEDF079A8}.Release|x86.ActiveCfg = Release|Any CPU
		{19535FBE-D7A2-455A-B88C-E33DEDF079A8}.Release|x86.Build.0 = Release|Any CPU
		{DE57D8B1-0D46-477E-B530-7456D717A782}.Debug|Any CPU.ActiveCfg = Debug|Any CPU
		{DE57D8B1-0D46-477E-B530-7456D717A782}.Debug|Any CPU.Build.0 = Debug|Any CPU
		{DE57D8B1-0D46-477E-B530-7456D717A782}.Debug|x64.ActiveCfg = Debug|Any CPU
		{DE57D8B1-0D46-477E-B530-7456D717A782}.Debug|x64.Build.0 = Debug|Any CPU
		{DE57D8B1-0D46-477E-B530-7456D717A782}.Debug|x86.ActiveCfg = Debug|Any CPU
		{DE57D8B1-0D46-477E-B530-7456D717A782}.Debug|x86.Build.0 = Debug|Any CPU
		{DE57D8B1-0D46-477E-B530-7456D717A782}.Release|Any CPU.ActiveCfg = Release|Any CPU
		{DE57D8B1-0D46-477E-B530-7456D717A782}.Release|Any CPU.Build.0 = Release|Any CPU
		{DE57D8B1-0D46-477E-B530-7456D717A782}.Release|x64.ActiveCfg = Release|Any CPU
		{DE57D8B1-0D46-477E-B530-7456D717A782}.Release|x64.Build.0 = Release|Any CPU
		{DE57D8B1-0D46-477E-B530-7456D717A782}.Release|x86.ActiveCfg = Release|Any CPU
		{DE57D8B1-0D46-477E-B530-7456D717A782}.Release|x86.Build.0 = Release|Any CPU
		{70FB5088-A4D0-44AC-9CDD-6348A6F910C1}.Debug|Any CPU.ActiveCfg = Debug|Any CPU
		{70FB5088-A4D0-44AC-9CDD-6348A6F910C1}.Debug|Any CPU.Build.0 = Debug|Any CPU
		{70FB5088-A4D0-44AC-9CDD-6348A6F910C1}.Debug|x64.ActiveCfg = Debug|Any CPU
		{70FB5088-A4D0-44AC-9CDD-6348A6F910C1}.Debug|x64.Build.0 = Debug|Any CPU
		{70FB5088-A4D0-44AC-9CDD-6348A6F910C1}.Debug|x86.ActiveCfg = Debug|Any CPU
		{70FB5088-A4D0-44AC-9CDD-6348A6F910C1}.Debug|x86.Build.0 = Debug|Any CPU
		{70FB5088-A4D0-44AC-9CDD-6348A6F910C1}.Release|Any CPU.ActiveCfg = Release|Any CPU
		{70FB5088-A4D0-44AC-9CDD-6348A6F910C1}.Release|Any CPU.Build.0 = Release|Any CPU
		{70FB5088-A4D0-44AC-9CDD-6348A6F910C1}.Release|x64.ActiveCfg = Release|Any CPU
		{70FB5088-A4D0-44AC-9CDD-6348A6F910C1}.Release|x64.Build.0 = Release|Any CPU
		{70FB5088-A4D0-44AC-9CDD-6348A6F910C1}.Release|x86.ActiveCfg = Release|Any CPU
		{70FB5088-A4D0-44AC-9CDD-6348A6F910C1}.Release|x86.Build.0 = Release|Any CPU
		{74F1AAED-9BCF-4A27-8994-C4B68CC4A57E}.Debug|Any CPU.ActiveCfg = Debug|Any CPU
		{74F1AAED-9BCF-4A27-8994-C4B68CC4A57E}.Debug|Any CPU.Build.0 = Debug|Any CPU
		{74F1AAED-9BCF-4A27-8994-C4B68CC4A57E}.Debug|x64.ActiveCfg = Debug|Any CPU
		{74F1AAED-9BCF-4A27-8994-C4B68CC4A57E}.Debug|x64.Build.0 = Debug|Any CPU
		{74F1AAED-9BCF-4A27-8994-C4B68CC4A57E}.Debug|x86.ActiveCfg = Debug|Any CPU
		{74F1AAED-9BCF-4A27-8994-C4B68CC4A57E}.Debug|x86.Build.0 = Debug|Any CPU
		{74F1AAED-9BCF-4A27-8994-C4B68CC4A57E}.Release|Any CPU.ActiveCfg = Release|Any CPU
		{74F1AAED-9BCF-4A27-8994-C4B68CC4A57E}.Release|Any CPU.Build.0 = Release|Any CPU
		{74F1AAED-9BCF-4A27-8994-C4B68CC4A57E}.Release|x64.ActiveCfg = Release|Any CPU
		{74F1AAED-9BCF-4A27-8994-C4B68CC4A57E}.Release|x64.Build.0 = Release|Any CPU
		{74F1AAED-9BCF-4A27-8994-C4B68CC4A57E}.Release|x86.ActiveCfg = Release|Any CPU
		{74F1AAED-9BCF-4A27-8994-C4B68CC4A57E}.Release|x86.Build.0 = Release|Any CPU
		{31FB5E04-FB01-4A61-B1A4-CE1506C30ED5}.Debug|Any CPU.ActiveCfg = Debug|Any CPU
		{31FB5E04-FB01-4A61-B1A4-CE1506C30ED5}.Debug|Any CPU.Build.0 = Debug|Any CPU
		{31FB5E04-FB01-4A61-B1A4-CE1506C30ED5}.Debug|x64.ActiveCfg = Debug|Any CPU
		{31FB5E04-FB01-4A61-B1A4-CE1506C30ED5}.Debug|x64.Build.0 = Debug|Any CPU
		{31FB5E04-FB01-4A61-B1A4-CE1506C30ED5}.Debug|x86.ActiveCfg = Debug|Any CPU
		{31FB5E04-FB01-4A61-B1A4-CE1506C30ED5}.Debug|x86.Build.0 = Debug|Any CPU
		{31FB5E04-FB01-4A61-B1A4-CE1506C30ED5}.Release|Any CPU.ActiveCfg = Release|Any CPU
		{31FB5E04-FB01-4A61-B1A4-CE1506C30ED5}.Release|Any CPU.Build.0 = Release|Any CPU
		{31FB5E04-FB01-4A61-B1A4-CE1506C30ED5}.Release|x64.ActiveCfg = Release|Any CPU
		{31FB5E04-FB01-4A61-B1A4-CE1506C30ED5}.Release|x64.Build.0 = Release|Any CPU
		{31FB5E04-FB01-4A61-B1A4-CE1506C30ED5}.Release|x86.ActiveCfg = Release|Any CPU
		{31FB5E04-FB01-4A61-B1A4-CE1506C30ED5}.Release|x86.Build.0 = Release|Any CPU
		{F0A3A387-DE04-4EC8-9CE9-E562885B4FE8}.Debug|Any CPU.ActiveCfg = Debug|Any CPU
		{F0A3A387-DE04-4EC8-9CE9-E562885B4FE8}.Debug|Any CPU.Build.0 = Debug|Any CPU
		{F0A3A387-DE04-4EC8-9CE9-E562885B4FE8}.Debug|x64.ActiveCfg = Debug|Any CPU
		{F0A3A387-DE04-4EC8-9CE9-E562885B4FE8}.Debug|x64.Build.0 = Debug|Any CPU
		{F0A3A387-DE04-4EC8-9CE9-E562885B4FE8}.Debug|x86.ActiveCfg = Debug|Any CPU
		{F0A3A387-DE04-4EC8-9CE9-E562885B4FE8}.Debug|x86.Build.0 = Debug|Any CPU
		{F0A3A387-DE04-4EC8-9CE9-E562885B4FE8}.Release|Any CPU.ActiveCfg = Release|Any CPU
		{F0A3A387-DE04-4EC8-9CE9-E562885B4FE8}.Release|Any CPU.Build.0 = Release|Any CPU
		{F0A3A387-DE04-4EC8-9CE9-E562885B4FE8}.Release|x64.ActiveCfg = Release|Any CPU
		{F0A3A387-DE04-4EC8-9CE9-E562885B4FE8}.Release|x64.Build.0 = Release|Any CPU
		{F0A3A387-DE04-4EC8-9CE9-E562885B4FE8}.Release|x86.ActiveCfg = Release|Any CPU
		{F0A3A387-DE04-4EC8-9CE9-E562885B4FE8}.Release|x86.Build.0 = Release|Any CPU
		{C15709A5-A33B-43F2-878C-85AD4CCB6998}.Debug|Any CPU.ActiveCfg = Debug|Any CPU
		{C15709A5-A33B-43F2-878C-85AD4CCB6998}.Debug|Any CPU.Build.0 = Debug|Any CPU
		{C15709A5-A33B-43F2-878C-85AD4CCB6998}.Debug|x64.ActiveCfg = Debug|Any CPU
		{C15709A5-A33B-43F2-878C-85AD4CCB6998}.Debug|x64.Build.0 = Debug|Any CPU
		{C15709A5-A33B-43F2-878C-85AD4CCB6998}.Debug|x86.ActiveCfg = Debug|Any CPU
		{C15709A5-A33B-43F2-878C-85AD4CCB6998}.Debug|x86.Build.0 = Debug|Any CPU
		{C15709A5-A33B-43F2-878C-85AD4CCB6998}.Release|Any CPU.ActiveCfg = Release|Any CPU
		{C15709A5-A33B-43F2-878C-85AD4CCB6998}.Release|Any CPU.Build.0 = Release|Any CPU
		{C15709A5-A33B-43F2-878C-85AD4CCB6998}.Release|x64.ActiveCfg = Release|Any CPU
		{C15709A5-A33B-43F2-878C-85AD4CCB6998}.Release|x64.Build.0 = Release|Any CPU
		{C15709A5-A33B-43F2-878C-85AD4CCB6998}.Release|x86.ActiveCfg = Release|Any CPU
		{C15709A5-A33B-43F2-878C-85AD4CCB6998}.Release|x86.Build.0 = Release|Any CPU
		{46847D2C-E9B6-4B87-B312-5BC9B117617D}.Debug|Any CPU.ActiveCfg = Debug|Any CPU
		{46847D2C-E9B6-4B87-B312-5BC9B117617D}.Debug|Any CPU.Build.0 = Debug|Any CPU
		{46847D2C-E9B6-4B87-B312-5BC9B117617D}.Debug|x64.ActiveCfg = Debug|Any CPU
		{46847D2C-E9B6-4B87-B312-5BC9B117617D}.Debug|x64.Build.0 = Debug|Any CPU
		{46847D2C-E9B6-4B87-B312-5BC9B117617D}.Debug|x86.ActiveCfg = Debug|Any CPU
		{46847D2C-E9B6-4B87-B312-5BC9B117617D}.Debug|x86.Build.0 = Debug|Any CPU
		{46847D2C-E9B6-4B87-B312-5BC9B117617D}.Release|Any CPU.ActiveCfg = Release|Any CPU
		{46847D2C-E9B6-4B87-B312-5BC9B117617D}.Release|Any CPU.Build.0 = Release|Any CPU
		{46847D2C-E9B6-4B87-B312-5BC9B117617D}.Release|x64.ActiveCfg = Release|Any CPU
		{46847D2C-E9B6-4B87-B312-5BC9B117617D}.Release|x64.Build.0 = Release|Any CPU
		{46847D2C-E9B6-4B87-B312-5BC9B117617D}.Release|x86.ActiveCfg = Release|Any CPU
		{46847D2C-E9B6-4B87-B312-5BC9B117617D}.Release|x86.Build.0 = Release|Any CPU
	EndGlobalSection
	GlobalSection(SolutionProperties) = preSolution
		HideSolutionNode = FALSE
	EndGlobalSection
	GlobalSection(NestedProjects) = preSolution
		{867B0465-D663-4751-87D1-1DA2ED41B125} = {2025C280-3C60-4211-9768-B271D4317C90}
		{63E44669-571D-4663-9850-33A1B63338F1} = {7E5A1AA1-A416-4D7E-B885-FC81F6CEBF07}
		{6733B771-5545-4D93-B4BD-594D010ACBFE} = {7E5A1AA1-A416-4D7E-B885-FC81F6CEBF07}
		{F7D54E83-77C4-43A0-9EB0-FA439BEA77EE} = {7E5A1AA1-A416-4D7E-B885-FC81F6CEBF07}
		{0DB8D186-089B-4C75-9074-38781F03A5BA} = {7E5A1AA1-A416-4D7E-B885-FC81F6CEBF07}
		{746451FD-F067-4C3E-9406-F04665757E0F} = {7E5A1AA1-A416-4D7E-B885-FC81F6CEBF07}
		{C2EE4A00-9D60-4B0B-81AB-4E04898C87A1} = {7E5A1AA1-A416-4D7E-B885-FC81F6CEBF07}
		{F3535EC0-846E-4337-9135-598EBA9AB246} = {3282AE17-EFD0-495E-9958-FB40F68DA873}
		{84587740-95DD-4640-872E-FDCF1F26CCA0} = {7E5A1AA1-A416-4D7E-B885-FC81F6CEBF07}
		{E54B6364-8B84-4604-8262-68C674EA4CEE} = {3282AE17-EFD0-495E-9958-FB40F68DA873}
		{6776F83E-E661-43A8-85A1-077750F5AC3B} = {3282AE17-EFD0-495E-9958-FB40F68DA873}
		{DEE15A10-7293-42F9-A17E-0E29301C7233} = {3282AE17-EFD0-495E-9958-FB40F68DA873}
		{C5F262E3-2EA8-4483-A3F7-6F20540A1B33} = {3282AE17-EFD0-495E-9958-FB40F68DA873}
		{0C185FA4-1C9B-4CE5-BED4-09928E4A05F5} = {7E5A1AA1-A416-4D7E-B885-FC81F6CEBF07}
		{BD13B521-8B78-4A10-A498-2236C81ED12C} = {3282AE17-EFD0-495E-9958-FB40F68DA873}
		{78AD9B01-7852-4B2F-B141-3BB37C2A0448} = {2025C280-3C60-4211-9768-B271D4317C90}
		{B688B2A8-0EFF-4890-B45E-4798B5BDA5C2} = {7E5A1AA1-A416-4D7E-B885-FC81F6CEBF07}
		{3BC0D2B3-FF38-4F44-8276-F41BA8FE332D} = {7E5A1AA1-A416-4D7E-B885-FC81F6CEBF07}
		{DD28DFCD-5588-4E7B-BF53-DDCACEE3C213} = {7E5A1AA1-A416-4D7E-B885-FC81F6CEBF07}
		{71ECCD49-6FEE-467C-ACF5-90BCA69D975A} = {2025C280-3C60-4211-9768-B271D4317C90}
		{8104EA7A-F96A-4954-9007-CB777B422861} = {2025C280-3C60-4211-9768-B271D4317C90}
		{278924E1-5CD0-4370-8E81-2DE81499DCC9} = {7E5A1AA1-A416-4D7E-B885-FC81F6CEBF07}
		{BBBE3323-70E5-41D0-820B-F2E5E94B1B9E} = {7E5A1AA1-A416-4D7E-B885-FC81F6CEBF07}
		{97712092-D590-55C6-1FBD-6D1A88049067} = {7E5A1AA1-A416-4D7E-B885-FC81F6CEBF07}
		{9867C147-5584-4470-87BA-24F3FC64B212} = {7E5A1AA1-A416-4D7E-B885-FC81F6CEBF07}
		{6254967A-42E4-45D6-9470-141A275F546C} = {7E5A1AA1-A416-4D7E-B885-FC81F6CEBF07}
		{19535FBE-D7A2-455A-B88C-E33DEDF079A8} = {7E5A1AA1-A416-4D7E-B885-FC81F6CEBF07}
		{DE57D8B1-0D46-477E-B530-7456D717A782} = {7E5A1AA1-A416-4D7E-B885-FC81F6CEBF07}
		{70FB5088-A4D0-44AC-9CDD-6348A6F910C1} = {0AB3BF05-4346-4AA6-1389-037BE0695223}
		{74F1AAED-9BCF-4A27-8994-C4B68CC4A57E} = {0AB3BF05-4346-4AA6-1389-037BE0695223}
		{31FB5E04-FB01-4A61-B1A4-CE1506C30ED5} = {0AB3BF05-4346-4AA6-1389-037BE0695223}
		{F0A3A387-DE04-4EC8-9CE9-E562885B4FE8} = {0AB3BF05-4346-4AA6-1389-037BE0695223}
		{C15709A5-A33B-43F2-878C-85AD4CCB6998} = {0AB3BF05-4346-4AA6-1389-037BE0695223}
		{46847D2C-E9B6-4B87-B312-5BC9B117617D} = {0AB3BF05-4346-4AA6-1389-037BE0695223}
	EndGlobalSection
	GlobalSection(ExtensibilityGlobals) = postSolution
		SolutionGuid = {B07C171A-90A2-41DB-A618-37C992F8D403}
	EndGlobalSection
EndGlobal
