Microsoft Visual Studio Solution File, Format Version 12.00
# Visual Studio Version 17
VisualStudioVersion = 17.13.35913.81
MinimumVisualStudioVersion = 10.0.40219.1
Project("{FAE04EC0-301F-11D3-BF4B-00C04F79EFBC}") = "BarkFluff.Server.CLI", "BarkFluff.Server.CLI\BarkFluff.Server.CLI.csproj", "{AE4151EB-A456-4E9E-96DE-933E0567F0A3}"
EndProject
Project("{FAE04EC0-301F-11D3-BF4B-00C04F79EFBC}") = "BarkFluff.Client.WPF", "BarkFluff.Client.WPF\BarkFluff.Client.WPF.csproj", "{867B0465-D663-4751-87D1-1DA2ED41B125}"
EndProject
Project("{2150E333-8FDC-42A3-9474-1A3956D46DE8}") = "Backend", "Backend", "{7E5A1AA1-A416-4D7E-B885-FC81F6CEBF07}"
EndProject
Project("{FAE04EC0-301F-11D3-BF4B-00C04F79EFBC}") = "BarkFluff.Identity", "Backend\BarkFluff.Identity\BarkFluff.Identity.csproj", "{63E44669-571D-4663-9850-33A1B63338F1}"
EndProject
Project("{FAE04EC0-301F-11D3-BF4B-00C04F79EFBC}") = "BarkFluff.Files", "Backend\BarkFluff.Files\BarkFluff.Files.csproj", "{6733B771-5545-4D93-B4BD-594D010ACBFE}"
EndProject
Project("{FAE04EC0-301F-11D3-BF4B-00C04F79EFBC}") = "BarkFluff.Users", "Backend\BarkFluff.Users\BarkFluff.Users.csproj", "{F7D54E83-77C4-43A0-9EB0-FA439BEA77EE}"
EndProject
Project("{FAE04EC0-301F-11D3-BF4B-00C04F79EFBC}") = "BarkFluff.Beacon", "Backend\BarkFluff.Beacon\BarkFluff.Beacon.csproj", "{0DB8D186-089B-4C75-9074-38781F03A5BA}"
EndProject
Project("{FAE04EC0-301F-11D3-BF4B-00C04F79EFBC}") = "BarkFluff.Messages", "Backend\BarkFluff.Messages\BarkFluff.Messages.csproj", "{746451FD-F067-4C3E-9406-F04665757E0F}"
EndProject
Project("{FAE04EC0-301F-11D3-BF4B-00C04F79EFBC}") = "BarkFluff.RT", "Backend\BarkFluff.RT\BarkFluff.RT.csproj", "{B45961BB-0232-4A5B-A04F-E2832194D795}"
EndProject
Project("{FAE04EC0-301F-11D3-BF4B-00C04F79EFBC}") = "BarkFluff.Notification", "Backend\BarkFluff.Notification\BarkFluff.Notification.csproj", "{C2EE4A00-9D60-4B0B-81AB-4E04898C87A1}"
EndProject
Project("{2150E333-8FDC-42A3-9474-1A3956D46DE8}") = "Shared", "Shared", "{3282AE17-EFD0-495E-9958-FB40F68DA873}"
EndProject
Project("{FAE04EC0-301F-11D3-BF4B-00C04F79EFBC}") = "BarkFluff.Proto", "Shared\BarkFluff.Proto\BarkFluff.Proto.csproj", "{F3535EC0-846E-4337-9135-598EBA9AB246}"
EndProject
Project("{FAE04EC0-301F-11D3-BF4B-00C04F79EFBC}") = "BarkFluff.GrpcServer", "Backend\BarkFluff.GrpcServer\BarkFluff.GrpcServer.csproj", "{84587740-95DD-4640-872E-FDCF1F26CCA0}"
EndProject
Project("{FAE04EC0-301F-11D3-BF4B-00C04F79EFBC}") = "BarkFluff.Shared.Identity", "Shared\BarkFluff.Shared.Identity\BarkFluff.Shared.Identity.csproj", "{E54B6364-8B84-4604-8262-68C674EA4CEE}"
EndProject
Project("{FAE04EC0-301F-11D3-BF4B-00C04F79EFBC}") = "BarkFluff.Shared.Exceptions", "BarkFluff.Shared.Exceptions\BarkFluff.Shared.Exceptions.csproj", "{6776F83E-E661-43A8-85A1-077750F5AC3B}"
EndProject
Project("{FAE04EC0-301F-11D3-BF4B-00C04F79EFBC}") = "BarkFluff.Shared.Auth", "Shared\BarkFluff.Shared.Auth\BarkFluff.Shared.Auth.csproj", "{DEE15A10-7293-42F9-A17E-0E29301C7233}"
EndProject
Project("{FAE04EC0-301F-11D3-BF4B-00C04F79EFBC}") = "BarkFluff.Shared.Queue", "BarkFluff.Shared.Queue\BarkFluff.Shared.Queue.csproj", "{C5F262E3-2EA8-4483-A3F7-6F20540A1B33}"
EndProject
Project("{FAE04EC0-301F-11D3-BF4B-00C04F79EFBC}") = "BarkFluff.Configuration", "Backend\BarkFluff.Configuration\BarkFluff.Configuration.csproj", "{0C185FA4-1C9B-4CE5-BED4-09928E4A05F5}"
EndProject
Global
	GlobalSection(SolutionConfigurationPlatforms) = preSolution
		Debug|Any CPU = Debug|Any CPU
		Release|Any CPU = Release|Any CPU
	EndGlobalSection
	GlobalSection(ProjectConfigurationPlatforms) = postSolution
		{AE4151EB-A456-4E9E-96DE-933E0567F0A3}.Debug|Any CPU.ActiveCfg = Debug|Any CPU
		{AE4151EB-A456-4E9E-96DE-933E0567F0A3}.Debug|Any CPU.Build.0 = Debug|Any CPU
		{AE4151EB-A456-4E9E-96DE-933E0567F0A3}.Release|Any CPU.ActiveCfg = Release|Any CPU
		{AE4151EB-A456-4E9E-96DE-933E0567F0A3}.Release|Any CPU.Build.0 = Release|Any CPU
		{867B0465-D663-4751-87D1-1DA2ED41B125}.Debug|Any CPU.ActiveCfg = Debug|Any CPU
		{867B0465-D663-4751-87D1-1DA2ED41B125}.Debug|Any CPU.Build.0 = Debug|Any CPU
		{867B0465-D663-4751-87D1-1DA2ED41B125}.Release|Any CPU.ActiveCfg = Release|Any CPU
		{867B0465-D663-4751-87D1-1DA2ED41B125}.Release|Any CPU.Build.0 = Release|Any CPU
		{63E44669-571D-4663-9850-33A1B63338F1}.Debug|Any CPU.ActiveCfg = Debug|Any CPU
		{63E44669-571D-4663-9850-33A1B63338F1}.Debug|Any CPU.Build.0 = Debug|Any CPU
		{63E44669-571D-4663-9850-33A1B63338F1}.Release|Any CPU.ActiveCfg = Release|Any CPU
		{63E44669-571D-4663-9850-33A1B63338F1}.Release|Any CPU.Build.0 = Release|Any CPU
		{6733B771-5545-4D93-B4BD-594D010ACBFE}.Debug|Any CPU.ActiveCfg = Debug|Any CPU
		{6733B771-5545-4D93-B4BD-594D010ACBFE}.Debug|Any CPU.Build.0 = Debug|Any CPU
		{6733B771-5545-4D93-B4BD-594D010ACBFE}.Release|Any CPU.ActiveCfg = Release|Any CPU
		{6733B771-5545-4D93-B4BD-594D010ACBFE}.Release|Any CPU.Build.0 = Release|Any CPU
		{F7D54E83-77C4-43A0-9EB0-FA439BEA77EE}.Debug|Any CPU.ActiveCfg = Debug|Any CPU
		{F7D54E83-77C4-43A0-9EB0-FA439BEA77EE}.Debug|Any CPU.Build.0 = Debug|Any CPU
		{F7D54E83-77C4-43A0-9EB0-FA439BEA77EE}.Release|Any CPU.ActiveCfg = Release|Any CPU
		{F7D54E83-77C4-43A0-9EB0-FA439BEA77EE}.Release|Any CPU.Build.0 = Release|Any CPU
		{0DB8D186-089B-4C75-9074-38781F03A5BA}.Debug|Any CPU.ActiveCfg = Debug|Any CPU
		{0DB8D186-089B-4C75-9074-38781F03A5BA}.Debug|Any CPU.Build.0 = Debug|Any CPU
		{0DB8D186-089B-4C75-9074-38781F03A5BA}.Release|Any CPU.ActiveCfg = Release|Any CPU
		{0DB8D186-089B-4C75-9074-38781F03A5BA}.Release|Any CPU.Build.0 = Release|Any CPU
		{746451FD-F067-4C3E-9406-F04665757E0F}.Debug|Any CPU.ActiveCfg = Debug|Any CPU
		{746451FD-F067-4C3E-9406-F04665757E0F}.Debug|Any CPU.Build.0 = Debug|Any CPU
		{746451FD-F067-4C3E-9406-F04665757E0F}.Release|Any CPU.ActiveCfg = Release|Any CPU
		{746451FD-F067-4C3E-9406-F04665757E0F}.Release|Any CPU.Build.0 = Release|Any CPU
		{B45961BB-0232-4A5B-A04F-E2832194D795}.Debug|Any CPU.ActiveCfg = Debug|Any CPU
		{B45961BB-0232-4A5B-A04F-E2832194D795}.Debug|Any CPU.Build.0 = Debug|Any CPU
		{B45961BB-0232-4A5B-A04F-E2832194D795}.Release|Any CPU.ActiveCfg = Release|Any CPU
		{B45961BB-0232-4A5B-A04F-E2832194D795}.Release|Any CPU.Build.0 = Release|Any CPU
		{C2EE4A00-9D60-4B0B-81AB-4E04898C87A1}.Debug|Any CPU.ActiveCfg = Debug|Any CPU
		{C2EE4A00-9D60-4B0B-81AB-4E04898C87A1}.Debug|Any CPU.Build.0 = Debug|Any CPU
		{C2EE4A00-9D60-4B0B-81AB-4E04898C87A1}.Release|Any CPU.ActiveCfg = Release|Any CPU
		{C2EE4A00-9D60-4B0B-81AB-4E04898C87A1}.Release|Any CPU.Build.0 = Release|Any CPU
		{F3535EC0-846E-4337-9135-598EBA9AB246}.Debug|Any CPU.ActiveCfg = Debug|Any CPU
		{F3535EC0-846E-4337-9135-598EBA9AB246}.Debug|Any CPU.Build.0 = Debug|Any CPU
		{F3535EC0-846E-4337-9135-598EBA9AB246}.Release|Any CPU.ActiveCfg = Release|Any CPU
		{F3535EC0-846E-4337-9135-598EBA9AB246}.Release|Any CPU.Build.0 = Release|Any CPU
		{84587740-95DD-4640-872E-FDCF1F26CCA0}.Debug|Any CPU.ActiveCfg = Debug|Any CPU
		{84587740-95DD-4640-872E-FDCF1F26CCA0}.Debug|Any CPU.Build.0 = Debug|Any CPU
		{84587740-95DD-4640-872E-FDCF1F26CCA0}.Release|Any CPU.ActiveCfg = Release|Any CPU
		{84587740-95DD-4640-872E-FDCF1F26CCA0}.Release|Any CPU.Build.0 = Release|Any CPU
		{E54B6364-8B84-4604-8262-68C674EA4CEE}.Debug|Any CPU.ActiveCfg = Debug|Any CPU
		{E54B6364-8B84-4604-8262-68C674EA4CEE}.Debug|Any CPU.Build.0 = Debug|Any CPU
		{E54B6364-8B84-4604-8262-68C674EA4CEE}.Release|Any CPU.ActiveCfg = Release|Any CPU
		{E54B6364-8B84-4604-8262-68C674EA4CEE}.Release|Any CPU.Build.0 = Release|Any CPU
		{6776F83E-E661-43A8-85A1-077750F5AC3B}.Debug|Any CPU.ActiveCfg = Debug|Any CPU
		{6776F83E-E661-43A8-85A1-077750F5AC3B}.Debug|Any CPU.Build.0 = Debug|Any CPU
		{6776F83E-E661-43A8-85A1-077750F5AC3B}.Release|Any CPU.ActiveCfg = Release|Any CPU
		{6776F83E-E661-43A8-85A1-077750F5AC3B}.Release|Any CPU.Build.0 = Release|Any CPU
		{DEE15A10-7293-42F9-A17E-0E29301C7233}.Debug|Any CPU.ActiveCfg = Debug|Any CPU
		{DEE15A10-7293-42F9-A17E-0E29301C7233}.Debug|Any CPU.Build.0 = Debug|Any CPU
		{DEE15A10-7293-42F9-A17E-0E29301C7233}.Release|Any CPU.ActiveCfg = Release|Any CPU
		{DEE15A10-7293-42F9-A17E-0E29301C7233}.Release|Any CPU.Build.0 = Release|Any CPU
		{C5F262E3-2EA8-4483-A3F7-6F20540A1B33}.Debug|Any CPU.ActiveCfg = Debug|Any CPU
		{C5F262E3-2EA8-4483-A3F7-6F20540A1B33}.Debug|Any CPU.Build.0 = Debug|Any CPU
		{C5F262E3-2EA8-4483-A3F7-6F20540A1B33}.Release|Any CPU.ActiveCfg = Release|Any CPU
		{C5F262E3-2EA8-4483-A3F7-6F20540A1B33}.Release|Any CPU.Build.0 = Release|Any CPU
		{0C185FA4-1C9B-4CE5-BED4-09928E4A05F5}.Debug|Any CPU.ActiveCfg = Debug|Any CPU
		{0C185FA4-1C9B-4CE5-BED4-09928E4A05F5}.Debug|Any CPU.Build.0 = Debug|Any CPU
		{0C185FA4-1C9B-4CE5-BED4-09928E4A05F5}.Release|Any CPU.ActiveCfg = Release|Any CPU
		{0C185FA4-1C9B-4CE5-BED4-09928E4A05F5}.Release|Any CPU.Build.0 = Release|Any CPU
	EndGlobalSection
	GlobalSection(SolutionProperties) = preSolution
		HideSolutionNode = FALSE
	EndGlobalSection
	GlobalSection(ExtensibilityGlobals) = postSolution
		SolutionGuid = {B07C171A-90A2-41DB-A618-37C992F8D403}
	EndGlobalSection
	GlobalSection(NestedProjects) = preSolution
		{63E44669-571D-4663-9850-33A1B63338F1} = {7E5A1AA1-A416-4D7E-B885-FC81F6CEBF07}
		{6733B771-5545-4D93-B4BD-594D010ACBFE} = {7E5A1AA1-A416-4D7E-B885-FC81F6CEBF07}
		{F7D54E83-77C4-43A0-9EB0-FA439BEA77EE} = {7E5A1AA1-A416-4D7E-B885-FC81F6CEBF07}
		{0DB8D186-089B-4C75-9074-38781F03A5BA} = {7E5A1AA1-A416-4D7E-B885-FC81F6CEBF07}
		{746451FD-F067-4C3E-9406-F04665757E0F} = {7E5A1AA1-A416-4D7E-B885-FC81F6CEBF07}
		{B45961BB-0232-4A5B-A04F-E2832194D795} = {7E5A1AA1-A416-4D7E-B885-FC81F6CEBF07}
		{C2EE4A00-9D60-4B0B-81AB-4E04898C87A1} = {7E5A1AA1-A416-4D7E-B885-FC81F6CEBF07}
		{F3535EC0-846E-4337-9135-598EBA9AB246} = {3282AE17-EFD0-495E-9958-FB40F68DA873}
		{84587740-95DD-4640-872E-FDCF1F26CCA0} = {7E5A1AA1-A416-4D7E-B885-FC81F6CEBF07}
		{E54B6364-8B84-4604-8262-68C674EA4CEE} = {3282AE17-EFD0-495E-9958-FB40F68DA873}
		{6776F83E-E661-43A8-85A1-077750F5AC3B} = {3282AE17-EFD0-495E-9958-FB40F68DA873}
		{DEE15A10-7293-42F9-A17E-0E29301C7233} = {3282AE17-EFD0-495E-9958-FB40F68DA873}
		{C5F262E3-2EA8-4483-A3F7-6F20540A1B33} = {3282AE17-EFD0-495E-9958-FB40F68DA873}
		{0C185FA4-1C9B-4CE5-BED4-09928E4A05F5} = {7E5A1AA1-A416-4D7E-B885-FC81F6CEBF07}
	EndGlobalSection
EndGlobal
